{
  "name": "bus",
  "version": "1.0.0",
  "lockfileVersion": 1,
  "requires": true,
  "dependencies": {
    "http-post": {
      "version": "0.1.1",
      "resolved": "https://registry.npmjs.org/http-post/-/http-post-0.1.1.tgz",
      "integrity": "sha1-udxzyncpMhV75Q/UacdvoY6DyUU="
    },
    "xmldom": {
      "version": "0.1.27",
      "resolved": "https://registry.npmjs.org/xmldom/-/xmldom-0.1.27.tgz",
      "integrity": "sha1-1QH5ezvbQDr4757MIFcxh6rawOk="
    }
  }
}
